affected
affectedImpact
attention
bustCache
cache
cache.remote
canonicalName
ci
ci.provider
cmd
describe
describeFile
describeModule
diagnoseDrift
diff
doctor
fatal
guard
guard.advise
guard.allow
guard.bash
guard.command
guard.count
guard.deny
guard.once
guard.shell
guard.spawn
guard.write
harness
harness.provider
hasCharm
insight
job
job.clear
job.exit
job.list
job.put
job.register
job.wait
log
log.debug
log.error
log.hint
log.info
log.warn
project
projectGraph
projects
pry
raise
review
review.provider
run
secret
secret.endpoint
secret.provider
secret.read
targets
where
workspace
workspace.provider
