affected
affectedImpact
bustCache
cache
cache.remote
ci
ci.provider
cmd
debug
describe
describeFile
diagnoseDrift
doctor
error
fatal
graph
has_charm
hint
info
insight
insightReport
ls
module
modules
normalize
project
pry
raise
run
secret
secret.provider
secret.read
targetGraph
targets
warn
where
workspace
workspace.provider
