affected
affectedImpact
bustCache
cache
cache.remote
canonicalName
ci
ci.provider
cmd
describe
describeFile
diagnoseDrift
doctor
fatal
graph
has_charm
insight
insightReport
log
log.debug
log.error
log.hint
log.info
log.warn
ls
module
modules
project
pry
raise
run
secret
secret.provider
secret.read
targetGraph
targets
where
workspace
workspace.provider
