config cache.dir
config cache.include.arch.enabled
config cache.include.os.enabled
config cache.remote.insecure
config cache.remote.trusted_keys
config cache.size_mb
config cache.write.enabled
config ci.max_shards
config ci.record_runs
config ci.runner_pool_budget
config concurrency
config console.enabled
config console.url
config daemon.address
config daemon.enabled
config daemon.idle_ttl
config daemon.maintenance.rotate_activities
config daemon.maintenance.rotate_logs
config daemon.maintenance.sync_graph
config daemon.socket
config daemon.workspaces
config default_charms
config dry_run
config graph.depth
config graph.direction
config graph.roots
config graph.spell
config hints.enabled
config history_path
config knowledge.max_size_mb
config knowledge.notes.private
config knowledge.notes.shared
config knowledge.symbol_indexing.disabled
config knowledge.symbol_indexing.min_interval_seconds
config knowledge.symbol_indexing.quiet_seconds
config knowledge.vcs.authorship
config knowledge.vcs.enabled
config knowledge.vcs.max_commits
config knowledge.workspaces
config log.format
config log.level
config log.silent
config log.stream
config max_failures
config mcp.address
config mcp.enabled
config report.filter
config required_version
config sandbox.allow.<name>.mode
config sandbox.allow.<name>.name
config sandbox.allow.<name>.path
config sandbox.enabled
config sandbox.env.passthrough
config secret.interactive_timeout
config secret.unattended_timeout
config spells.allow_shadow.<name>.name
config spells.allow_shadow.<name>.reason
config target_timeout
config telemetry.enabled
config telemetry.endpoint
config telemetry.headers
config telemetry.insecure
config telemetry.protocol
config telemetry.sample_ratio
config telemetry.service_name
config vcs.base_ref
config vcs.enabled
config vcs.name
config volatility.annotate_gha
config volatility.bootstrap_samples
config volatility.enabled
config volatility.min_samples
config volatility.threshold
flag affected/b
flag affected/base
flag affected/bisect
flag affected/depth
flag affected/detach
flag affected/detail
flag affected/explain
flag affected/good
flag affected/graph
flag affected/impact
flag affected/max-parallel-budget
flag affected/max-shards
flag affected/no-cache
flag affected/no-default-charms
flag affected/null
flag affected/open
flag affected/plan
flag affected/race
flag affected/stdin
flag affected/step
flag affected/target
flag affected/timeout
flag affected/upstream
flag affected/wait
flag agent/dir
flag agent/force
flag agent/global
flag agent/prune
flag agent/tar
flag buzz/C
flag buzz/e
flag buzz/embedded
flag buzz/no-autoload
flag buzz/t
flag buzz/test
flag clean/cache
flag explain/global
flag explain/refresh
flag hook/agent-name
flag hook/event
flag hook/observe
flag hook/path
flag hook/session
flag hook/transcript
flag init/force
flag init/global
flag init/local
flag init/vcs
flag notify/desktop
flag notify/outcome
flag path/global
flag path/refresh
flag query/attempts
flag query/budget
flag query/global
flag query/kind
flag query/meta
flag query/open
flag query/print
flag query/publish
flag query/refresh
flag query/secrets
flag query/url
flag refs/occurrences
flag refs/refresh
flag run/depth
flag run/detach
flag run/graph
flag run/n-shards
flag run/no-cache
flag run/no-default-charms
flag run/no-volatility-retry
flag run/open
flag run/race
flag run/shard
flag run/step
flag run/timeout
flag run/upstream
flag run/wait
flag status/W
flag status/c
flag status/compact
flag status/probe
flag status/socket
flag status/symbols
flag status/watch
flag status/workspace
flag watch/backend
flag watch/debounce
flag watch/ignore
flag watch/initial
flag watch/null
subcommand affected
subcommand agent
subcommand buzz
subcommand clean
subcommand completion
subcommand config
subcommand describe
subcommand doctor
subcommand explain
subcommand graph
subcommand hook
subcommand init
subcommand ls
subcommand man
subcommand memory
subcommand notes
subcommand notify
subcommand path
subcommand query
subcommand refs
subcommand run
subcommand self
subcommand server
subcommand status
subcommand vcs
subcommand version
subcommand watch
subcommand where
subcommand x
target affected/build
target affected/ci
target affected/clean
target affected/format
target affected/generate
target affected/lint
target affected/ls
target affected/test
target run/build
target run/ci
target run/clean
target run/format
target run/generate
target run/lint
target run/ls
target run/test
