config assume_interactive
config bridge.enabled
config cache.dir
config cache.immutable
config cache.remote.insecure
config cache.remote.trusted_keys
config cache.size_mb
config ci.max_shards
config ci.runner_pool_budget
config concurrency
config daemon.address
config daemon.idle_ttl
config daemon.socket
config daemon.workspaces
config default_charms
config dry_run
config graph.depth
config graph.direction
config graph.roots
config graph.spell
config hints.enabled
config history_path
config knowledge.max_size_mb
config knowledge.vcs.enabled
config knowledge.vcs.max_commits
config knowledge.workspaces
config log.format
config log.level
config log.silent
config mcp.address
config mcp.enabled
config report.filter
config sandbox.allow.<name>.mode
config sandbox.allow.<name>.name
config sandbox.allow.<name>.path
config sandbox.enabled
config sandbox.env.passthrough
config spells.allow_shadow.<name>.name
config spells.allow_shadow.<name>.reason
config telemetry.enabled
config telemetry.endpoint
config telemetry.headers
config telemetry.insecure
config telemetry.protocol
config telemetry.sample_ratio
config telemetry.service_name
config vcs.base_ref
config vcs.enabled
config vcs.name
config volatility.annotate_gha
config volatility.bootstrap_samples
config volatility.enabled
config volatility.min_samples
config volatility.threshold
flag affected/base
flag affected/bisect
flag affected/depth
flag affected/dry-run
flag affected/explain
flag affected/good
flag affected/graph
flag affected/max-parallel-budget
flag affected/max-shards
flag affected/null
flag affected/plan
flag affected/stdin
flag affected/target
flag affected/upstream
flag describe/evaluated
flag describe/explain
flag init/force
flag init/global
flag init/local
flag init/vcs
flag insight/commits
flag insight/files
flag insight/since
flag insight/workspace
flag run/depth
flag run/dry-run
flag run/graph
flag run/upstream
flag status/compact
flag status/probe
flag status/socket
flag status/watch
flag status/workspace
flag watch/backend
flag watch/debounce
flag watch/initial
flag watch/null
subcommand affected
subcommand completion
subcommand config
subcommand describe
subcommand doctor
subcommand graph
subcommand init
subcommand insight
subcommand ls
subcommand run
subcommand self
subcommand server
subcommand status
subcommand tail
subcommand version
subcommand watch
subcommand where
subcommand x
target affected/build
target affected/ci
target affected/clean
target affected/format
target affected/generate
target affected/lint
target affected/ls
target affected/test
target run/build
target run/ci
target run/clean
target run/format
target run/generate
target run/lint
target run/ls
target run/test
