affected/
agents/
blog/
blog/2026/07/01/hello-blog/
breaking-changes/
browser-bridge/
buzz/modules/
buzz/modules/archive/
buzz/modules/charm/
buzz/modules/crypto/
buzz/modules/encoding/
buzz/modules/env/
buzz/modules/fmt/
buzz/modules/fs/
buzz/modules/http/
buzz/modules/json/
buzz/modules/magus/
buzz/modules/markdown/
buzz/modules/os/
buzz/modules/path/
buzz/modules/platform/
buzz/modules/semver/
buzz/modules/strings/
buzz/modules/template/
buzz/modules/time/
buzz/modules/toml/
buzz/modules/uuid/
buzz/modules/vcs/
buzz/modules/xml/
buzz/modules/yaml/
cache/
changelog/
charms/
ci/
codes/auth/MGS9001/
codes/auth/MGS9002/
codes/auth/MGS9003/
codes/auth/MGS9004/
codes/auth/MGS9005/
codes/auth/MGS9006/
codes/charms/
codes/charms/MGS6001/
codes/knowledge/
codes/knowledge/MGS7001/
codes/knowledge/MGS7002/
codes/magusfile/
codes/magusfile/MGS1001/
codes/magusfile/MGS1002/
codes/magusfile/MGS1003/
codes/magusfile/MGS1004/
codes/magusfile/MGS1005/
codes/magusfile/MGS1006/
codes/magusfile/MGS1007/
codes/magusfile/MGS1008/
codes/outputref/
codes/outputref/MGS8001/
codes/outputref/MGS8002/
codes/outputref/MGS8003/
codes/race/
codes/race/MGS4001/
codes/race/MGS4002/
codes/race/MGS4003/
codes/race/MGS4004/
codes/race/MGS4005/
codes/race/MGS4006/
codes/sandbox/
codes/sandbox/MGS2001/
codes/sandbox/MGS2002/
codes/sandbox/MGS2003/
codes/sandbox/MGS2004/
codes/sandbox/MGS2005/
codes/sandbox/MGS2006/
codes/sandbox/MGS2007/
codes/sandbox/MGS2008/
codes/sandbox/MGS2009/
codes/sandbox/MGS2010/
codes/sandbox/MGS3001/
codes/services/
codes/services/MGS5001/
codes/services/MGS5002/
codes/services/MGS5003/
concepts/
concepts/cache/
concepts/cache/output-refs/
concepts/cache/remote/
concepts/cache/tool-identity/
concepts/charms/
concepts/ci-providers/
concepts/compatibility/
concepts/concurrency/
concepts/dependencies/
concepts/engines/
concepts/generated-files/
concepts/knowledge/
concepts/knowledge/insight/
concepts/operations/
concepts/output-refs/
concepts/remote-cache/
concepts/sandbox/
concepts/secrets/
concepts/services/
concepts/spells/
concepts/spells/bash/
concepts/spells/buf/
concepts/spells/buzz/
concepts/spells/cosign/
concepts/spells/docker/
concepts/spells/go/
concepts/spells/markdown/
concepts/spells/md/
concepts/spells/podman/
concepts/spells/py/
concepts/spells/python/
concepts/spells/rs/
concepts/spells/rust/
concepts/spells/ts/
concepts/spells/typescript/
concepts/targets/
concepts/targets/ci/
concepts/telemetry/
concepts/volatility/
concepts/wards/
concepts/workspace-providers/
concepts/workspace/
concepts/workspace/affected/
concurrency/
config/
console/
conventions/
daemon/
debugging/
dependencies/
development/
development/cmd-magus-starter/
development/console/
development/contributing/
development/docs-guides-integrations-agents/
development/docs/
development/evals/
development/gopherbuzz/
development/libs-diag/
development/libs-diagnostics/
development/libs-gopherbuzz/
development/libs-orphanator/
development/libs-testsprawl/
development/libs-textsearch/
development/magus/
development/projects/
development/projects/gopherbuzz/
development/projects/magus/
development/projects/website/
development/proto/
development/website/
diagnostics/
documentation/
download/
download/docker/
download/linux/
download/macos/
download/windows/
editor/
engines/
faq/
flaky-builds/
from-nx/
getting-started/
glossary/
guides/
guides/affected/
guides/agents/
guides/authoring-spells/
guides/daemon/
guides/debugging/
guides/download/
guides/download/container-image/
guides/download/docker/
guides/download/linux/
guides/download/macos/
guides/download/package-managers/
guides/download/shell-setup/
guides/download/uninstall/
guides/download/verify/
guides/download/windows/
guides/editor/
guides/getting-started/
guides/insight/
guides/integrations/
guides/integrations/agents/
guides/integrations/ci/
guides/integrations/daemon/
guides/integrations/editor/
guides/integrations/git/
guides/integrations/github-actions/
guides/integrations/mcp/
guides/integrations/nx/
guides/integrations/pr-advice/
guides/mcp/
guides/profiling/
guides/quickstart/
guides/releasing/
guides/testing/
guides/tips/
index.html
insight/
knowledge/
manpage/magus-affected/
manpage/magus-completion/
manpage/magus-config/
manpage/magus-describe/
manpage/magus-doctor/
manpage/magus-graph/
manpage/magus-init/
manpage/magus-insight/
manpage/magus-ls/
manpage/magus-run/
manpage/magus-self/
manpage/magus-server/
manpage/magus-status/
manpage/magus-tail/
manpage/magus-version/
manpage/magus-watch/
manpage/magus-where/
manpage/magus-x/
manpage/magus/
mcp/
migrating/
migrating/breaking-changes/
migrating/from-nx/
modules/
modules/archive/
modules/charm/
modules/crypto/
modules/encoding/
modules/env/
modules/fmt/
modules/fs/
modules/http/
modules/json/
modules/magus/
modules/markdown/
modules/os/
modules/path/
modules/platform/
modules/semver/
modules/strings/
modules/time/
modules/vcs/
modules/yaml/
offline/
operations/
output-refs/
public/
public/atom/
public/release/
public/release/index.json
public/release/v0.1.0/
public/release/v0.2.0/
public/release/v0.2.1/
recommendations/
reference/
reference/api/
reference/api/activity/
reference/api/insight/
reference/api/job/
reference/api/memory/
reference/api/metrics/
reference/api/notes/
reference/api/status/
reference/api/token/
reference/api/tool/
reference/api/viewer/
reference/buzz/
reference/buzz/archive/
reference/buzz/base64/
reference/buzz/charm/
reference/buzz/crypto/
reference/buzz/csv/
reference/buzz/diff/
reference/buzz/encoding/
reference/buzz/env/
reference/buzz/fmt/
reference/buzz/fs/
reference/buzz/hex/
reference/buzz/http/
reference/buzz/ini/
reference/buzz/json/
reference/buzz/lcov/
reference/buzz/log/
reference/buzz/magus/
reference/buzz/markdown/
reference/buzz/math/
reference/buzz/net/
reference/buzz/os/
reference/buzz/path/
reference/buzz/platform/
reference/buzz/proc/
reference/buzz/semver/
reference/buzz/sort/
reference/buzz/strings/
reference/buzz/template/
reference/buzz/term/
reference/buzz/time/
reference/buzz/toml/
reference/buzz/url/
reference/buzz/uuid/
reference/buzz/vcs/
reference/buzz/xml/
reference/buzz/yaml/
reference/cli/
reference/codes/
reference/codes/auth/
reference/codes/auth/MGS9001/
reference/codes/auth/MGS9002/
reference/codes/auth/MGS9003/
reference/codes/auth/MGS9004/
reference/codes/auth/MGS9005/
reference/codes/auth/MGS9006/
reference/codes/charms/
reference/codes/charms/MGS6001/
reference/codes/knowledge/
reference/codes/knowledge/MGS7001/
reference/codes/knowledge/MGS7002/
reference/codes/magusfile/
reference/codes/magusfile/MGS1001/
reference/codes/magusfile/MGS1002/
reference/codes/magusfile/MGS1003/
reference/codes/magusfile/MGS1004/
reference/codes/magusfile/MGS1005/
reference/codes/magusfile/MGS1006/
reference/codes/magusfile/MGS1007/
reference/codes/magusfile/MGS1008/
reference/codes/magusfile/MGS1009/
reference/codes/magusfile/MGS1010/
reference/codes/magusfile/MGS1011/
reference/codes/magusfile/MGS1012/
reference/codes/magusfile/MGS1013/
reference/codes/magusfile/MGS1014/
reference/codes/magusfile/MGS1015/
reference/codes/magusfile/MGS1016/
reference/codes/magusfile/MGS1017/
reference/codes/magusfile/MGS1018/
reference/codes/magusfile/MGS1019/
reference/codes/magusfile/MGS1020/
reference/codes/magusfile/MGS1021/
reference/codes/magusfile/MGS1022/
reference/codes/magusfile/MGS1023/
reference/codes/magusfile/MGS1024/
reference/codes/magusfile/MGS1025/
reference/codes/magusfile/MGS1026/
reference/codes/magusfile/MGS1027/
reference/codes/outputref/
reference/codes/outputref/MGS8001/
reference/codes/outputref/MGS8002/
reference/codes/outputref/MGS8003/
reference/codes/race/
reference/codes/race/MGS4001/
reference/codes/race/MGS4002/
reference/codes/race/MGS4003/
reference/codes/race/MGS4004/
reference/codes/race/MGS4005/
reference/codes/race/MGS4006/
reference/codes/sandbox/
reference/codes/sandbox/MGS2001/
reference/codes/sandbox/MGS2002/
reference/codes/sandbox/MGS2003/
reference/codes/sandbox/MGS2004/
reference/codes/sandbox/MGS2005/
reference/codes/sandbox/MGS2006/
reference/codes/sandbox/MGS2007/
reference/codes/sandbox/MGS2008/
reference/codes/sandbox/MGS2009/
reference/codes/sandbox/MGS2010/
reference/codes/sandbox/MGS2011/
reference/codes/sandbox/MGS3001/
reference/codes/sandbox/MGS3002/
reference/codes/sandbox/MGS3003/
reference/codes/sandbox/MGS3004/
reference/codes/sandbox/MGS3005/
reference/codes/sandbox/MGS3006/
reference/codes/sandbox/MGS3007/
reference/codes/services/
reference/codes/services/MGS5001/
reference/codes/services/MGS5002/
reference/codes/services/MGS5003/
reference/codes/services/MGS5004/
reference/config/
reference/console/
reference/diagnostics/
reference/faq/
reference/go-sdk/
reference/logging/
reference/manpage/
reference/manpage/magus-affected/
reference/manpage/magus-agent/
reference/manpage/magus-buzz/
reference/manpage/magus-clean/
reference/manpage/magus-completion/
reference/manpage/magus-config/
reference/manpage/magus-describe/
reference/manpage/magus-doctor/
reference/manpage/magus-explain/
reference/manpage/magus-graph/
reference/manpage/magus-hook/
reference/manpage/magus-init/
reference/manpage/magus-insight/
reference/manpage/magus-ls/
reference/manpage/magus-man/
reference/manpage/magus-memory/
reference/manpage/magus-notes/
reference/manpage/magus-notify/
reference/manpage/magus-path/
reference/manpage/magus-query/
reference/manpage/magus-refs/
reference/manpage/magus-run/
reference/manpage/magus-self/
reference/manpage/magus-server/
reference/manpage/magus-status/
reference/manpage/magus-tail/
reference/manpage/magus-vcs/
reference/manpage/magus-version/
reference/manpage/magus-watch/
reference/manpage/magus-where/
reference/manpage/magus-x/
reference/manpage/magus/
reference/skills/
reference/skills/magus-adapt/
reference/skills/magus-architecture-review/
reference/skills/magus-architecture/
reference/skills/magus-buzz-review/
reference/skills/magus-buzz-write/
reference/skills/magus-buzz/
reference/skills/magus-change-summary/
reference/skills/magus-changes/
reference/skills/magus-context-audit/
reference/skills/magus-delegate-multi-agent/
reference/skills/magus-delegate-ultra/
reference/skills/magus-docs-lookup/
reference/skills/magus-docs/
reference/skills/magus-handoff-journal/
reference/skills/magus-memory/
reference/skills/magus-query/
reference/skills/magus-run/
reference/skills/magus-sdk/
reference/skills/magus-vcs-hygiene/
reference/skills/magus-vcs/
reference/skills/magus-workspace-rules/
remote-cache/
sandbox/
scope/
services/
setup/
setup/build-from-source/
setup/container-image/
setup/linux/
setup/macos/
setup/mise/
setup/shell-setup/
setup/uninstall/
setup/verify/
setup/windows/
spells/
spells/bash/
spells/buf/
spells/buzz/
spells/cosign/
spells/docker/
spells/go/
spells/md/
spells/py/
spells/rs/
spells/ts/
tags/
tags/adoption/
tags/affected/
tags/agents-md/
tags/agents/
tags/allowlist/
tags/analysis/
tags/annotations/
tags/api/
tags/argv/
tags/artifacts/
tags/audit/
tags/auth/
tags/authoring/
tags/bash/
tags/bisect/
tags/bounds/
tags/breaking-changes/
tags/build/
tags/buzz/
tags/cache/
tags/cargo/
tags/changed-files/
tags/changelog/
tags/charm/
tags/charms/
tags/ci-provider/
tags/ci/
tags/claude/
tags/cli/
tags/codegen/
tags/codex/
tags/compatibility/
tags/completion/
tags/concurrency/
tags/config/
tags/configuration/
tags/conflicts/
tags/connect/
tags/connector/
tags/console/
tags/container/
tags/conventions/
tags/cosign/
tags/coupling/
tags/credentials/
tags/cross-project/
tags/cycle/
tags/daemon/
tags/debugging/
tags/dependency-graph/
tags/depends-on/
tags/depends/
tags/describe/
tags/detach/
tags/determinism/
tags/diagnostics/
tags/discovery/
tags/docker/
tags/docs/
tags/doctor/
tags/documentation/
tags/download/
tags/drift/
tags/ed-25519/
tags/env/
tags/environment/
tags/error-codes/
tags/errors/
tags/eslint/
tags/exec/
tags/explain/
tags/extension/
tags/extraction/
tags/filesystem/
tags/fingerprint/
tags/fish/
tags/flags/
tags/format/
tags/formatter/
tags/fs/
tags/generated-files/
tags/generated/
tags/getting-started/
tags/git/
tags/github-actions/
tags/github/
tags/gitlab/
tags/globs/
tags/go/
tags/graph/
tags/graphml/
tags/grpc/
tags/guard/
tags/hooks/
tags/host-modules/
tags/hotspots/
tags/http/
tags/image/
tags/import/
tags/inferred/
tags/inputs/
tags/install/
tags/interpreter/
tags/journal/
tags/json-patch/
tags/json/
tags/keep-warm/
tags/knowledge-graph/
tags/landlock/
tags/lint/
tags/linux/
tags/load/
tags/logging/
tags/logs/
tags/lsp/
tags/macos/
tags/magus-buzz/
tags/magus-memory/
tags/magus-query/
tags/magus-run/
tags/magus-server/
tags/magus-status/
tags/magus-vcs/
tags/magus-yaml/
tags/magusfile/
tags/markdown/
tags/mcp/
tags/memory/
tags/mgs-1010/
tags/mgs-5001/
tags/mgs-5002/
tags/mgs/
tags/migration/
tags/mise/
tags/module/
tags/monitoring/
tags/monorepo/
tags/naming/
tags/needs/
tags/node/
tags/nx/
tags/oci/
tags/onboarding/
tags/operations/
tags/os/
tags/output-refs/
tags/output/
tags/outputs/
tags/ownership/
tags/passthrough/
tags/path/
tags/permissions/
tags/platform/
tags/podman/
tags/policy/
tags/pool/
tags/powershell/
tags/prettier/
tags/project/
tags/projects/
tags/proto/
tags/protobuf/
tags/provenance/
tags/provider/
tags/pry/
tags/pytest/
tags/python/
tags/query/
tags/race/
tags/readiness/
tags/redaction/
tags/reference/
tags/registry/
tags/release/
tags/remote-cache/
tags/repl/
tags/replay/
tags/rfc-6902/
tags/ruff/
tags/run/
tags/rust/
tags/sandbox/
tags/secrets/
tags/security/
tags/self-update/
tags/semver/
tags/service-op/
tags/services/
tags/setup/
tags/shared-services/
tags/sharing/
tags/shell/
tags/shorthand/
tags/signature/
tags/signing/
tags/skills/
tags/snapshot/
tags/socket/
tags/spell/
tags/spells/
tags/status/
tags/stdlib/
tags/supply-chain/
tags/supported/
tags/symbols/
tags/target/
tags/targets/
tags/template/
tags/terminology/
tags/test/
tags/token/
tags/toolchain/
tags/tools/
tags/troubleshooting/
tags/typescript/
tags/upgrade/
tags/uv/
tags/vcs/
tags/verify/
tags/version/
tags/versioning/
tags/vitest/
tags/volatility/
tags/ward/
tags/watch/
tags/windows/
tags/workspace-provider/
tags/workspace-providers/
tags/workspace/
tags/zsh/
targets/
targets/ci/
telemetry/
testing/
tips/
tour/
volatility/
wards/
workspace/
