affected/
agents/
blog/
blog/2026/07/01/hello-blog/
breaking-changes/
browser-bridge/
buzz/modules/
buzz/modules/archive/
buzz/modules/charm/
buzz/modules/crypto/
buzz/modules/encoding/
buzz/modules/env/
buzz/modules/fmt/
buzz/modules/fs/
buzz/modules/http/
buzz/modules/json/
buzz/modules/magus/
buzz/modules/markdown/
buzz/modules/os/
buzz/modules/path/
buzz/modules/platform/
buzz/modules/semver/
buzz/modules/strings/
buzz/modules/template/
buzz/modules/time/
buzz/modules/toml/
buzz/modules/uuid/
buzz/modules/vcs/
buzz/modules/yaml/
cache/
charms/
ci/
codes/charms/
codes/charms/MGS6001/
codes/knowledge/
codes/knowledge/MGS7001/
codes/knowledge/MGS7002/
codes/magusfile/
codes/magusfile/MGS1001/
codes/magusfile/MGS1002/
codes/magusfile/MGS1003/
codes/magusfile/MGS1004/
codes/magusfile/MGS1005/
codes/outputref/
codes/outputref/MGS8001/
codes/outputref/MGS8002/
codes/outputref/MGS8003/
codes/race/
codes/race/MGS4001/
codes/race/MGS4002/
codes/race/MGS4003/
codes/race/MGS4004/
codes/sandbox/
codes/sandbox/MGS2001/
codes/sandbox/MGS2002/
codes/sandbox/MGS2003/
codes/sandbox/MGS2004/
codes/sandbox/MGS2005/
codes/sandbox/MGS2006/
codes/sandbox/MGS2007/
codes/sandbox/MGS2008/
codes/sandbox/MGS2009/
codes/sandbox/MGS2010/
codes/sandbox/MGS3001/
codes/services/
codes/services/MGS5001/
codes/services/MGS5002/
codes/services/MGS5003/
config/
console/
conventions/
daemon/
debugging/
dependencies/
development/
development/contributing/
development/docs/
development/gopherbuzz/
development/magus/
development/projects/
development/projects/gopherbuzz/
development/projects/magus/
development/projects/website/
development/website/
documentation/
download/
download/docker/
download/linux/
download/macos/
download/windows/
editor/
engines/
faq/
flaky-builds/
from-nx/
getting-started/
glossary/
index.html
insight/
knowledge/
manpage/magus-affected/
manpage/magus-completion/
manpage/magus-config/
manpage/magus-describe/
manpage/magus-doctor/
manpage/magus-graph/
manpage/magus-init/
manpage/magus-insight/
manpage/magus-ls/
manpage/magus-run/
manpage/magus-self/
manpage/magus-server/
manpage/magus-status/
manpage/magus-tail/
manpage/magus-version/
manpage/magus-watch/
manpage/magus-where/
manpage/magus-x/
manpage/magus/
mcp/
modules/
modules/archive/
modules/charm/
modules/crypto/
modules/encoding/
modules/env/
modules/fmt/
modules/fs/
modules/http/
modules/json/
modules/magus/
modules/markdown/
modules/os/
modules/path/
modules/platform/
modules/semver/
modules/strings/
modules/time/
modules/vcs/
modules/yaml/
offline/
operations/
output-refs/
public/
public/atom/
public/release/
public/release/index.json
public/release/v0.1.0/
reference/console/
remote-cache/
sandbox/
services/
spells/
spells/bash/
spells/buf/
spells/buzz/
spells/cosign/
spells/docker/
spells/go/
spells/md/
spells/py/
spells/rs/
spells/ts/
targets/
targets/ci/
telemetry/
testing/
tips/
tour/
volatility/
wards/
workspace/
