# URLs intentionally removed from the site, exempt from the abandoned-link gate
# (see abandonedLinkCheck in magusfile.buzz). One clean URL per line. Prefer a
# redirect (frontmatter aliases:) over retirement when old links should still land
# somewhere; list a URL here only when it should genuinely 404.
install/
development/website/
development/projects/website/
development/gopherbuzz/
development/projects/gopherbuzz/

# retired by the concepts/guides/reference/migrating docs reorg (pre-1.0 URL break)
affected/
agents/
breaking-changes/
buzz/modules/
buzz/modules/archive/
buzz/modules/charm/
buzz/modules/crypto/
buzz/modules/encoding/
buzz/modules/env/
buzz/modules/fmt/
buzz/modules/fs/
buzz/modules/http/
buzz/modules/json/
buzz/modules/magus/
buzz/modules/markdown/
buzz/modules/os/
buzz/modules/path/
buzz/modules/platform/
buzz/modules/semver/
buzz/modules/strings/
buzz/modules/template/
buzz/modules/time/
buzz/modules/toml/
buzz/modules/uuid/
buzz/modules/vcs/
buzz/modules/yaml/
cache/
charms/
codes/auth/MGS9001/
codes/auth/MGS9002/
codes/auth/MGS9003/
codes/auth/MGS9004/
codes/auth/MGS9005/
codes/auth/MGS9006/
codes/charms/
codes/charms/MGS6001/
codes/knowledge/
codes/knowledge/MGS7001/
codes/knowledge/MGS7002/
codes/magusfile/
codes/magusfile/MGS1001/
codes/magusfile/MGS1002/
codes/magusfile/MGS1003/
codes/magusfile/MGS1004/
codes/magusfile/MGS1005/
codes/magusfile/MGS1006/
codes/magusfile/MGS1007/
codes/magusfile/MGS1008/
codes/outputref/
codes/outputref/MGS8001/
codes/outputref/MGS8002/
codes/outputref/MGS8003/
codes/race/
codes/race/MGS4001/
codes/race/MGS4002/
codes/race/MGS4003/
codes/race/MGS4004/
codes/race/MGS4005/
codes/race/MGS4006/
codes/sandbox/
codes/sandbox/MGS2001/
codes/sandbox/MGS2002/
codes/sandbox/MGS2003/
codes/sandbox/MGS2004/
codes/sandbox/MGS2005/
codes/sandbox/MGS2006/
codes/sandbox/MGS2007/
codes/sandbox/MGS2008/
codes/sandbox/MGS2009/
codes/sandbox/MGS2010/
codes/sandbox/MGS3001/
codes/services/
codes/services/MGS5001/
codes/services/MGS5002/
codes/services/MGS5003/
concurrency/
config/
daemon/
debugging/
dependencies/
diagnostics/
download/
download/docker/
download/linux/
download/macos/
download/windows/
editor/
engines/
faq/
from-nx/
getting-started/
insight/
knowledge/
manpage/magus-affected/
manpage/magus-completion/
manpage/magus-config/
manpage/magus-describe/
manpage/magus-doctor/
manpage/magus-graph/
manpage/magus-init/
manpage/magus-insight/
manpage/magus-ls/
manpage/magus-run/
manpage/magus-self/
manpage/magus-server/
manpage/magus-status/
manpage/magus-tail/
manpage/magus-version/
manpage/magus-watch/
manpage/magus-where/
manpage/magus-x/
manpage/magus/
mcp/
operations/
output-refs/
remote-cache/
sandbox/
services/
spells/
spells/bash/
spells/buf/
spells/buzz/
spells/cosign/
spells/docker/
spells/go/
spells/md/
spells/py/
spells/rs/
spells/ts/
targets/
targets/ci/
telemetry/
testing/
tips/
volatility/
wards/
workspace/
buzz/modules/xml/
